
Microsoft Visual Studio Solution File, Format Version 12.00
# Visual Studio Version 16
VisualStudioVersion = 16.0.31515.178
MinimumVisualStudioVersion = 10.0.40219.1
Project("{F184B08F-C81C-45F6-A57F-5ABD9991F28F}") = "GMEdit_WPF", "GMEdit_WPF\GMEdit_WPF.vbproj", "{D60A6412-2BC3-4DAF-8C14-FF3568E7F28D}"
EndProject
Global
	GlobalSection(SolutionConfigurationPlatforms) = preSolution
		Debug|Any CPU = Debug|Any CPU
		Release|Any CPU = Release|Any CPU
	EndGlobalSection
	GlobalSection(ProjectConfigurationPlatforms) = postSolution
		{D60A6412-2BC3-4DAF-8C14-FF3568E7F28D}.Debug|Any CPU.ActiveCfg = Debug|Any CPU
		{D60A6412-2BC3-4DAF-8C14-FF3568E7F28D}.Debug|Any CPU.Build.0 = Debug|Any CPU
		{D60A6412-2BC3-4DAF-8C14-FF3568E7F28D}.Release|Any CPU.ActiveCfg = Release|Any CPU
		{D60A6412-2BC3-4DAF-8C14-FF3568E7F28D}.Release|Any CPU.Build.0 = Release|Any CPU
	EndGlobalSection
	GlobalSection(SolutionProperties) = preSolution
		HideSolutionNode = FALSE
	EndGlobalSection
	GlobalSection(ExtensibilityGlobals) = postSolution
		SolutionGuid = {52D3C2E1-7FA3-4361-A8BE-75718322B0D1}
	EndGlobalSection
EndGlobal
